// !$*UTF8*$!
{
	archiveVersion = 1;
	classes = {
	};
	objectVersion = 50;
	objects = {

/* Begin PBXBuildFile section */
		9F1F4A9E243F01FE0074B796 /* pagecontrol.swift in Sources */ = {isa = PBXBuildFile; fileRef = 9F1F4A9D243F01FE0074B796 /* pagecontrol.swift */; };
		9F1F4AA0243F2A5E0074B796 /* segemanted.swift in Sources */ = {isa = PBXBuildFile; fileRef = 9F1F4A9F243F2A5E0074B796 /* segemanted.swift */; };
		9F1F4AA2243F30B10074B796 /* slider.swift in Sources */ = {isa = PBXBuildFile; fileRef = 9F1F4AA1243F30B10074B796 /* slider.swift */; };
		9F8E17C8243E287400D19CEF /* datePicker.swift in Sources */ = {isa = PBXBuildFile; fileRef = 9F8E17C7243E287400D19CEF /* datePicker.swift */; };
		9F8E3C7F243D8E530093C3B6 /* button.swift in Sources */ = {isa = PBXBuildFile; fileRef = 9F8E3C7E243D8E530093C3B6 /* button.swift */; };
		9F9708E3244032CA0042577C /* stepper.swift in Sources */ = {isa = PBXBuildFile; fileRef = 9F9708E2244032CA0042577C /* stepper.swift */; };
		9F9708E52440400C0042577C /* switch.swift in Sources */ = {isa = PBXBuildFile; fileRef = 9F9708E42440400C0042577C /* switch.swift */; };
		9F9708E7244063010042577C /* label.swift in Sources */ = {isa = PBXBuildFile; fileRef = 9F9708E6244063010042577C /* label.swift */; };
		9FA2AA8124436F0000E05D20 /* activityIndecatorView.swift in Sources */ = {isa = PBXBuildFile; fileRef = 9FA2AA8024436F0000E05D20 /* activityIndecatorView.swift */; };
		9FA2AA832443714E00E05D20 /* imageView.swift in Sources */ = {isa = PBXBuildFile; fileRef = 9FA2AA822443714E00E05D20 /* imageView.swift */; };
		9FA411D4243B0C09005E12E3 /* AppDelegate.swift in Sources */ = {isa = PBXBuildFile; fileRef = 9FA411D3243B0C09005E12E3 /* AppDelegate.swift */; };
		9FA411D6243B0C09005E12E3 /* SceneDelegate.swift in Sources */ = {isa = PBXBuildFile; fileRef = 9FA411D5243B0C09005E12E3 /* SceneDelegate.swift */; };
		9FA411D8243B0C09005E12E3 /* ViewController.swift in Sources */ = {isa = PBXBuildFile; fileRef = 9FA411D7243B0C09005E12E3 /* ViewController.swift */; };
		9FA411DB243B0C09005E12E3 /* Main.storyboard in Resources */ = {isa = PBXBuildFile; fileRef = 9FA411D9243B0C09005E12E3 /* Main.storyboard */; };
		9FA411DD243B0C0B005E12E3 /* Assets.xcassets in Resources */ = {isa = PBXBuildFile; fileRef = 9FA411DC243B0C0B005E12E3 /* Assets.xcassets */; };
		9FA411E0243B0C0B005E12E3 /* LaunchScreen.storyboard in Resources */ = {isa = PBXBuildFile; fileRef = 9FA411DE243B0C0B005E12E3 /* LaunchScreen.storyboard */; };
		9FA637F72443EB2000291D11 /* pickerView.swift in Sources */ = {isa = PBXBuildFile; fileRef = 9FA637F62443EB2000291D11 /* pickerView.swift */; };
		9FA7C4A82441A6C100E2B802 /* textField.swift in Sources */ = {isa = PBXBuildFile; fileRef = 9FA7C4A72441A6C100E2B802 /* textField.swift */; };
		9FB2EBB124431D5D00B30683 /* searchTextField.swift in Sources */ = {isa = PBXBuildFile; fileRef = 9FB2EBB024431D5D00B30683 /* searchTextField.swift */; };
		9FEFF61924421EEC006E0891 /* textView.swift in Sources */ = {isa = PBXBuildFile; fileRef = 9FEFF61824421EEC006E0891 /* textView.swift */; };
/* End PBXBuildFile section */

/* Begin PBXFileReference section */
		9F1F4A9D243F01FE0074B796 /* pagecontrol.swift */ = {isa = PBXFileReference; lastKnownFileType = sourcecode.swift; path = pagecontrol.swift; sourceTree = "<group>"; };
		9F1F4A9F243F2A5E0074B796 /* segemanted.swift */ = {isa = PBXFileReference; lastKnownFileType = sourcecode.swift; path = segemanted.swift; sourceTree = "<group>"; };
		9F1F4AA1243F30B10074B796 /* slider.swift */ = {isa = PBXFileReference; lastKnownFileType = sourcecode.swift; path = slider.swift; sourceTree = "<group>"; };
		9F8E17C7243E287400D19CEF /* datePicker.swift */ = {isa = PBXFileReference; lastKnownFileType = sourcecode.swift; path = datePicker.swift; sourceTree = "<group>"; };
		9F8E3C7E243D8E530093C3B6 /* button.swift */ = {isa = PBXFileReference; lastKnownFileType = sourcecode.swift; path = button.swift; sourceTree = "<group>"; };
		9F9708E2244032CA0042577C /* stepper.swift */ = {isa = PBXFileReference; lastKnownFileType = sourcecode.swift; path = stepper.swift; sourceTree = "<group>"; };
		9F9708E42440400C0042577C /* switch.swift */ = {isa = PBXFileReference; lastKnownFileType = sourcecode.swift; path = switch.swift; sourceTree = "<group>"; };
		9F9708E6244063010042577C /* label.swift */ = {isa = PBXFileReference; lastKnownFileType = sourcecode.swift; path = label.swift; sourceTree = "<group>"; };
		9FA2AA8024436F0000E05D20 /* activityIndecatorView.swift */ = {isa = PBXFileReference; lastKnownFileType = sourcecode.swift; path = activityIndecatorView.swift; sourceTree = "<group>"; };
		9FA2AA822443714E00E05D20 /* imageView.swift */ = {isa = PBXFileReference; lastKnownFileType = sourcecode.swift; path = imageView.swift; sourceTree = "<group>"; };
		9FA411D0243B0C09005E12E3 /* blureAni.app */ = {isa = PBXFileReference; explicitFileType = wrapper.application; includeInIndex = 0; path = blureAni.app; sourceTree = BUILT_PRODUCTS_DIR; };
		9FA411D3243B0C09005E12E3 /* AppDelegate.swift */ = {isa = PBXFileReference; lastKnownFileType = sourcecode.swift; path = AppDelegate.swift; sourceTree = "<group>"; };
		9FA411D5243B0C09005E12E3 /* SceneDelegate.swift */ = {isa = PBXFileReference; lastKnownFileType = sourcecode.swift; path = SceneDelegate.swift; sourceTree = "<group>"; };
		9FA411D7243B0C09005E12E3 /* ViewController.swift */ = {isa = PBXFileReference; lastKnownFileType = sourcecode.swift; path = ViewController.swift; sourceTree = "<group>"; };
		9FA411DA243B0C09005E12E3 /* Base */ = {isa = PBXFileReference; lastKnownFileType = file.storyboard; name = Base; path = Base.lproj/Main.storyboard; sourceTree = "<group>"; };
		9FA411DC243B0C0B005E12E3 /* Assets.xcassets */ = {isa = PBXFileReference; lastKnownFileType = folder.assetcatalog; path = Assets.xcassets; sourceTree = "<group>"; };
		9FA411DF243B0C0B005E12E3 /* Base */ = {isa = PBXFileReference; lastKnownFileType = file.storyboard; name = Base; path = Base.lproj/LaunchScreen.storyboard; sourceTree = "<group>"; };
		9FA411E1243B0C0B005E12E3 /* Info.plist */ = {isa = PBXFileReference; lastKnownFileType = text.plist.xml; path = Info.plist; sourceTree = "<group>"; };
		9FA637F62443EB2000291D11 /* pickerView.swift */ = {isa = PBXFileReference; lastKnownFileType = sourcecode.swift; path = pickerView.swift; sourceTree = "<group>"; };
		9FA7C4A72441A6C100E2B802 /* textField.swift */ = {isa = PBXFileReference; lastKnownFileType = sourcecode.swift; path = textField.swift; sourceTree = "<group>"; };
		9FB2EBB024431D5D00B30683 /* searchTextField.swift */ = {isa = PBXFileReference; lastKnownFileType = sourcecode.swift; path = searchTextField.swift; sourceTree = "<group>"; };
		9FEFF61824421EEC006E0891 /* textView.swift */ = {isa = PBXFileReference; lastKnownFileType = sourcecode.swift; path = textView.swift; sourceTree = "<group>"; };
/* End PBXFileReference section */

/* Begin PBXFrameworksBuildPhase section */
		9FA411CD243B0C09005E12E3 /* Frameworks */ = {
			isa = PBXFrameworksBuildPhase;
			buildActionMask = 2147483647;
			files = (
			);
			runOnlyForDeploymentPostprocessing = 0;
		};
/* End PBXFrameworksBuildPhase section */

/* Begin PBXGroup section */
		9FA411C7243B0C09005E12E3 = {
			isa = PBXGroup;
			children = (
				9FA411D2243B0C09005E12E3 /* blureAni */,
				9FA411D1243B0C09005E12E3 /* Products */,
			);
			sourceTree = "<group>";
		};
		9FA411D1243B0C09005E12E3 /* Products */ = {
			isa = PBXGroup;
			children = (
				9FA411D0243B0C09005E12E3 /* blureAni.app */,
			);
			name = Products;
			sourceTree = "<group>";
		};
		9FA411D2243B0C09005E12E3 /* blureAni */ = {
			isa = PBXGroup;
			children = (
				9FA411D3243B0C09005E12E3 /* AppDelegate.swift */,
				9FA411D5243B0C09005E12E3 /* SceneDelegate.swift */,
				9FA411D7243B0C09005E12E3 /* ViewController.swift */,
				9F8E3C7E243D8E530093C3B6 /* button.swift */,
				9F8E17C7243E287400D19CEF /* datePicker.swift */,
				9F1F4A9D243F01FE0074B796 /* pagecontrol.swift */,
				9F1F4A9F243F2A5E0074B796 /* segemanted.swift */,
				9F1F4AA1243F30B10074B796 /* slider.swift */,
				9F9708E2244032CA0042577C /* stepper.swift */,
				9F9708E42440400C0042577C /* switch.swift */,
				9F9708E6244063010042577C /* label.swift */,
				9FA7C4A72441A6C100E2B802 /* textField.swift */,
				9FEFF61824421EEC006E0891 /* textView.swift */,
				9FB2EBB024431D5D00B30683 /* searchTextField.swift */,
				9FA2AA8024436F0000E05D20 /* activityIndecatorView.swift */,
				9FA2AA822443714E00E05D20 /* imageView.swift */,
				9FA637F62443EB2000291D11 /* pickerView.swift */,
				9FA411D9243B0C09005E12E3 /* Main.storyboard */,
				9FA411DC243B0C0B005E12E3 /* Assets.xcassets */,
				9FA411DE243B0C0B005E12E3 /* LaunchScreen.storyboard */,
				9FA411E1243B0C0B005E12E3 /* Info.plist */,
			);
			path = blureAni;
			sourceTree = "<group>";
		};
/* End PBXGroup section */

/* Begin PBXNativeTarget section */
		9FA411CF243B0C09005E12E3 /* blureAni */ = {
			isa = PBXNativeTarget;
			buildConfigurationList = 9FA411E4243B0C0B005E12E3 /* Build configuration list for PBXNativeTarget "blureAni" */;
			buildPhases = (
				9FA411CC243B0C09005E12E3 /* Sources */,
				9FA411CD243B0C09005E12E3 /* Frameworks */,
				9FA411CE243B0C09005E12E3 /* Resources */,
			);
			buildRules = (
			);
			dependencies = (
			);
			name = blureAni;
			productName = blureAni;
			productReference = 9FA411D0243B0C09005E12E3 /* blureAni.app */;
			productType = "com.apple.product-type.application";
		};
/* End PBXNativeTarget section */

/* Begin PBXProject section */
		9FA411C8243B0C09005E12E3 /* Project object */ = {
			isa = PBXProject;
			attributes = {
				LastSwiftUpdateCheck = 1130;
				LastUpgradeCheck = 1130;
				ORGANIZATIONNAME = Hossam;
				TargetAttributes = {
					9FA411CF243B0C09005E12E3 = {
						CreatedOnToolsVersion = 11.3.1;
					};
				};
			};
			buildConfigurationList = 9FA411CB243B0C09005E12E3 /* Build configuration list for PBXProject "blureAni" */;
			compatibilityVersion = "Xcode 9.3";
			developmentRegion = en;
			hasScannedForEncodings = 0;
			knownRegions = (
				en,
				Base,
			);
			mainGroup = 9FA411C7243B0C09005E12E3;
			productRefGroup = 9FA411D1243B0C09005E12E3 /* Products */;
			projectDirPath = "";
			projectRoot = "";
			targets = (
				9FA411CF243B0C09005E12E3 /* blureAni */,
			);
		};
/* End PBXProject section */

/* Begin PBXResourcesBuildPhase section */
		9FA411CE243B0C09005E12E3 /* Resources */ = {
			isa = PBXResourcesBuildPhase;
			buildActionMask = 2147483647;
			files = (
				9FA411E0243B0C0B005E12E3 /* LaunchScreen.storyboard in Resources */,
				9FA411DD243B0C0B005E12E3 /* Assets.xcassets in Resources */,
				9FA411DB243B0C09005E12E3 /* Main.storyboard in Resources */,
			);
			runOnlyForDeploymentPostprocessing = 0;
		};
/* End PBXResourcesBuildPhase section */

/* Begin PBXSourcesBuildPhase section */
		9FA411CC243B0C09005E12E3 /* Sources */ = {
			isa = PBXSourcesBuildPhase;
			buildActionMask = 2147483647;
			files = (
				9F9708E3244032CA0042577C /* stepper.swift in Sources */,
				9FA411D8243B0C09005E12E3 /* ViewController.swift in Sources */,
				9FA411D4243B0C09005E12E3 /* AppDelegate.swift in Sources */,
				9FA7C4A82441A6C100E2B802 /* textField.swift in Sources */,
				9FEFF61924421EEC006E0891 /* textView.swift in Sources */,
				9FB2EBB124431D5D00B30683 /* searchTextField.swift in Sources */,
				9F1F4AA2243F30B10074B796 /* slider.swift in Sources */,
				9F1F4A9E243F01FE0074B796 /* pagecontrol.swift in Sources */,
				9FA2AA832443714E00E05D20 /* imageView.swift in Sources */,
				9F1F4AA0243F2A5E0074B796 /* segemanted.swift in Sources */,
				9FA411D6243B0C09005E12E3 /* SceneDelegate.swift in Sources */,
				9F8E3C7F243D8E530093C3B6 /* button.swift in Sources */,
				9F8E17C8243E287400D19CEF /* datePicker.swift in Sources */,
				9FA637F72443EB2000291D11 /* pickerView.swift in Sources */,
				9F9708E7244063010042577C /* label.swift in Sources */,
				9FA2AA8124436F0000E05D20 /* activityIndecatorView.swift in Sources */,
				9F9708E52440400C0042577C /* switch.swift in Sources */,
			);
			runOnlyForDeploymentPostprocessing = 0;
		};
/* End PBXSourcesBuildPhase section */

/* Begin PBXVariantGroup section */
		9FA411D9243B0C09005E12E3 /* Main.storyboard */ = {
			isa = PBXVariantGroup;
			children = (
				9FA411DA243B0C09005E12E3 /* Base */,
			);
			name = Main.storyboard;
			sourceTree = "<group>";
		};
		9FA411DE243B0C0B005E12E3 /* LaunchScreen.storyboard */ = {
			isa = PBXVariantGroup;
			children = (
				9FA411DF243B0C0B005E12E3 /* Base */,
			);
			name = LaunchScreen.storyboard;
			sourceTree = "<group>";
		};
/* End PBXVariantGroup section */

/* Begin XCBuildConfiguration section */
		9FA411E2243B0C0B005E12E3 /* Debug */ = {
			isa = XCBuildConfiguration;
			buildSettings = {
				ALWAYS_SEARCH_USER_PATHS = NO;
				CLANG_ANALYZER_NONNULL = YES;
				CLANG_ANALYZER_NUMBER_OBJECT_CONVERSION = YES_AGGRESSIVE;
				CLANG_CXX_LANGUAGE_STANDARD = "gnu++14";
				CLANG_CXX_LIBRARY = "libc++";
				CLANG_ENABLE_MODULES = YES;
				CLANG_ENABLE_OBJC_ARC = YES;
				CLANG_ENABLE_OBJC_WEAK = YES;
				CLANG_WARN_BLOCK_CAPTURE_AUTORELEASING = YES;
				CLANG_WARN_BOOL_CONVERSION = YES;
				CLANG_WARN_COMMA = YES;
				CLANG_WARN_CONSTANT_CONVERSION = YES;
				CLANG_WARN_DEPRECATED_OBJC_IMPLEMENTATIONS = YES;
				CLANG_WARN_DIRECT_OBJC_ISA_USAGE = YES_ERROR;
				CLANG_WARN_DOCUMENTATION_COMMENTS = YES;
				CLANG_WARN_EMPTY_BODY = YES;
				CLANG_WARN_ENUM_CONVERSION = YES;
				CLANG_WARN_INFINITE_RECURSION = YES;
				CLANG_WARN_INT_CONVERSION = YES;
				CLANG_WARN_NON_LITERAL_NULL_CONVERSION = YES;
				CLANG_WARN_OBJC_IMPLICIT_RETAIN_SELF = YES;
				CLANG_WARN_OBJC_LITERAL_CONVERSION = YES;
				CLANG_WARN_OBJC_ROOT_CLASS = YES_ERROR;
				CLANG_WARN_RANGE_LOOP_ANALYSIS = YES;
				CLANG_WARN_STRICT_PROTOTYPES = YES;
				CLANG_WARN_SUSPICIOUS_MOVE = YES;
				CLANG_WARN_UNGUARDED_AVAILABILITY = YES_AGGRESSIVE;
				CLANG_WARN_UNREACHABLE_CODE = YES;
				CLANG_WARN__DUPLICATE_METHOD_MATCH = YES;
				COPY_PHASE_STRIP = NO;
				DEBUG_INFORMATION_FORMAT = dwarf;
				ENABLE_STRICT_OBJC_MSGSEND = YES;
				ENABLE_TESTABILITY = YES;
				GCC_C_LANGUAGE_STANDARD = gnu11;
				GCC_DYNAMIC_NO_PIC = NO;
				GCC_NO_COMMON_BLOCKS = YES;
				GCC_OPTIMIZATION_LEVEL = 0;
				GCC_PREPROCESSOR_DEFINITIONS = (
					"DEBUG=1",
					"$(inherited)",
				);
				GCC_WARN_64_TO_32_BIT_CONVERSION = YES;
				GCC_WARN_ABOUT_RETURN_TYPE = YES_ERROR;
				GCC_WARN_UNDECLARED_SELECTOR = YES;
				GCC_WARN_UNINITIALIZED_AUTOS = YES_AGGRESSIVE;
				GCC_WARN_UNUSED_FUNCTION = YES;
				GCC_WARN_UNUSED_VARIABLE = YES;
				IPHONEOS_DEPLOYMENT_TARGET = 13.2;
				MTL_ENABLE_DEBUG_INFO = INCLUDE_SOURCE;
				MTL_FAST_MATH = YES;
				ONLY_ACTIVE_ARCH = YES;
				SDKROOT = iphoneos;
				SWIFT_ACTIVE_COMPILATION_CONDITIONS = DEBUG;
				SWIFT_OPTIMIZATION_LEVEL = "-Onone";
			};
			name = Debug;
		};
		9FA411E3243B0C0B005E12E3 /* Release */ = {
			isa = XCBuildConfiguration;
			buildSettings = {
				ALWAYS_SEARCH_USER_PATHS = NO;
				CLANG_ANALYZER_NONNULL = YES;
				CLANG_ANALYZER_NUMBER_OBJECT_CONVERSION = YES_AGGRESSIVE;
				CLANG_CXX_LANGUAGE_STANDARD = "gnu++14";
				CLANG_CXX_LIBRARY = "libc++";
				CLANG_ENABLE_MODULES = YES;
				CLANG_ENABLE_OBJC_ARC = YES;
				CLANG_ENABLE_OBJC_WEAK = YES;
				CLANG_WARN_BLOCK_CAPTURE_AUTORELEASING = YES;
				CLANG_WARN_BOOL_CONVERSION = YES;
				CLANG_WARN_COMMA = YES;
				CLANG_WARN_CONSTANT_CONVERSION = YES;
				CLANG_WARN_DEPRECATED_OBJC_IMPLEMENTATIONS = YES;
				CLANG_WARN_DIRECT_OBJC_ISA_USAGE = YES_ERROR;
				CLANG_WARN_DOCUMENTATION_COMMENTS = YES;
				CLANG_WARN_EMPTY_BODY = YES;
				CLANG_WARN_ENUM_CONVERSION = YES;
				CLANG_WARN_INFINITE_RECURSION = YES;
				CLANG_WARN_INT_CONVERSION = YES;
				CLANG_WARN_NON_LITERAL_NULL_CONVERSION = YES;
				CLANG_WARN_OBJC_IMPLICIT_RETAIN_SELF = YES;
				CLANG_WARN_OBJC_LITERAL_CONVERSION = YES;
				CLANG_WARN_OBJC_ROOT_CLASS = YES_ERROR;
				CLANG_WARN_RANGE_LOOP_ANALYSIS = YES;
				CLANG_WARN_STRICT_PROTOTYPES = YES;
				CLANG_WARN_SUSPICIOUS_MOVE = YES;
				CLANG_WARN_UNGUARDED_AVAILABILITY = YES_AGGRESSIVE;
				CLANG_WARN_UNREACHABLE_CODE = YES;
				CLANG_WARN__DUPLICATE_METHOD_MATCH = YES;
				COPY_PHASE_STRIP = NO;
				DEBUG_INFORMATION_FORMAT = "dwarf-with-dsym";
				ENABLE_NS_ASSERTIONS = NO;
				ENABLE_STRICT_OBJC_MSGSEND = YES;
				GCC_C_LANGUAGE_STANDARD = gnu11;
				GCC_NO_COMMON_BLOCKS = YES;
				GCC_WARN_64_TO_32_BIT_CONVERSION = YES;
				GCC_WARN_ABOUT_RETURN_TYPE = YES_ERROR;
				GCC_WARN_UNDECLARED_SELECTOR = YES;
				GCC_WARN_UNINITIALIZED_AUTOS = YES_AGGRESSIVE;
				GCC_WARN_UNUSED_FUNCTION = YES;
				GCC_WARN_UNUSED_VARIABLE = YES;
				IPHONEOS_DEPLOYMENT_TARGET = 13.2;
				MTL_ENABLE_DEBUG_INFO = NO;
				MTL_FAST_MATH = YES;
				SDKROOT = iphoneos;
				SWIFT_COMPILATION_MODE = wholemodule;
				SWIFT_OPTIMIZATION_LEVEL = "-O";
				VALIDATE_PRODUCT = YES;
			};
			name = Release;
		};
		9FA411E5243B0C0B005E12E3 /* Debug */ = {
			isa = XCBuildConfiguration;
			buildSettings = {
				ASSETCATALOG_COMPILER_APPICON_NAME = AppIcon;
				CODE_SIGN_STYLE = Automatic;
				DEVELOPMENT_TEAM = AHJJ77N3U7;
				INFOPLIST_FILE = blureAni/Info.plist;
				LD_RUNPATH_SEARCH_PATHS = (
					"$(inherited)",
					"@executable_path/Frameworks",
				);
				PRODUCT_BUNDLE_IDENTIFIER = Rwndd.blureAni;
				PRODUCT_NAME = "$(TARGET_NAME)";
				SWIFT_VERSION = 5.0;
				TARGETED_DEVICE_FAMILY = "1,2";
			};
			name = Debug;
		};
		9FA411E6243B0C0B005E12E3 /* Release */ = {
			isa = XCBuildConfiguration;
			buildSettings = {
				ASSETCATALOG_COMPILER_APPICON_NAME = AppIcon;
				CODE_SIGN_STYLE = Automatic;
				DEVELOPMENT_TEAM = AHJJ77N3U7;
				INFOPLIST_FILE = blureAni/Info.plist;
				LD_RUNPATH_SEARCH_PATHS = (
					"$(inherited)",
					"@executable_path/Frameworks",
				);
				PRODUCT_BUNDLE_IDENTIFIER = Rwndd.blureAni;
				PRODUCT_NAME = "$(TARGET_NAME)";
				SWIFT_VERSION = 5.0;
				TARGETED_DEVICE_FAMILY = "1,2";
			};
			name = Release;
		};
/* End XCBuildConfiguration section */

/* Begin XCConfigurationList section */
		9FA411CB243B0C09005E12E3 /* Build configuration list for PBXProject "blureAni" */ = {
			isa = XCConfigurationList;
			buildConfigurations = (
				9FA411E2243B0C0B005E12E3 /* Debug */,
				9FA411E3243B0C0B005E12E3 /* Release */,
			);
			defaultConfigurationIsVisible = 0;
			defaultConfigurationName = Release;
		};
		9FA411E4243B0C0B005E12E3 /* Build configuration list for PBXNativeTarget "blureAni" */ = {
			isa = XCConfigurationList;
			buildConfigurations = (
				9FA411E5243B0C0B005E12E3 /* Debug */,
				9FA411E6243B0C0B005E12E3 /* Release */,
			);
			defaultConfigurationIsVisible = 0;
			defaultConfigurationName = Release;
		};
/* End XCConfigurationList section */
	};
	rootObject = 9FA411C8243B0C09005E12E3 /* Project object */;
}
